// !$*UTF8*$!
{
	archiveVersion = 1;
	classes = {
	};
	objectVersion = 50;
	objects = {

/* Begin PBXBuildFile section */
		81060830215B90B10073E3DB /* GifView.swift in Sources */ = {isa = PBXBuildFile; fileRef = 8106082E215B90B10073E3DB /* GifView.swift */; };
		81060831215B90B10073E3DB /* GifView.xib in Resources */ = {isa = PBXBuildFile; fileRef = 8106082F215B90B10073E3DB /* GifView.xib */; };
		81060834215B95060073E3DB /* GifCell.swift in Sources */ = {isa = PBXBuildFile; fileRef = 81060832215B95060073E3DB /* GifCell.swift */; };
		81060835215B95060073E3DB /* GifCell.xib in Resources */ = {isa = PBXBuildFile; fileRef = 81060833215B95060073E3DB /* GifCell.xib */; };
		81095339215A68F2009291C6 /* imageExtension.swift in Sources */ = {isa = PBXBuildFile; fileRef = 81095338215A68F2009291C6 /* imageExtension.swift */; };
		8120DA0C2199A7D3001B7B7F /* ChatView.swift in Sources */ = {isa = PBXBuildFile; fileRef = 8120DA0B2199A7D3001B7B7F /* ChatView.swift */; };
		8120DA0E2199A82B001B7B7F /* ChatView.xib in Resources */ = {isa = PBXBuildFile; fileRef = 8120DA0D2199A82B001B7B7F /* ChatView.xib */; };
		8120DA102199AC4B001B7B7F /* KeyboardTabView.swift in Sources */ = {isa = PBXBuildFile; fileRef = 8120DA0F2199AC4B001B7B7F /* KeyboardTabView.swift */; };
		8120DA122199B0FF001B7B7F /* TestViewController.swift in Sources */ = {isa = PBXBuildFile; fileRef = 8120DA112199B0FF001B7B7F /* TestViewController.swift */; };
		8120DA182199B4A2001B7B7F /* extensionUIView.swift in Sources */ = {isa = PBXBuildFile; fileRef = 8120DA172199B4A2001B7B7F /* extensionUIView.swift */; };
		8120DA1A2199BDF5001B7B7F /* KeyboardTabView.xib in Resources */ = {isa = PBXBuildFile; fileRef = 8120DA192199BDF5001B7B7F /* KeyboardTabView.xib */; };
		8120DA1E219C5F06001B7B7F /* GifKeyboardView.swift in Sources */ = {isa = PBXBuildFile; fileRef = 8120DA1D219C5F06001B7B7F /* GifKeyboardView.swift */; };
		8120DA20219C5F1B001B7B7F /* GifKeyboardView.xib in Resources */ = {isa = PBXBuildFile; fileRef = 8120DA1F219C5F1B001B7B7F /* GifKeyboardView.xib */; };
		8120DA28219C7FD1001B7B7F /* ImageViewExtension .swift in Sources */ = {isa = PBXBuildFile; fileRef = 8120DA27219C7FD1001B7B7F /* ImageViewExtension .swift */; };
		8120DA2C219CB2A7001B7B7F /* GifuExtension.swift in Sources */ = {isa = PBXBuildFile; fileRef = 8120DA2B219CB2A7001B7B7F /* GifuExtension.swift */; };
		812363C3216E1B0300D224B8 /* SocketIOManager.swift in Sources */ = {isa = PBXBuildFile; fileRef = 812363C2216E1B0300D224B8 /* SocketIOManager.swift */; };
		8132AC8F21946D5200A97A17 /* keyboardTapView.xib in Resources */ = {isa = PBXBuildFile; fileRef = 8132AC8E21946D5200A97A17 /* keyboardTapView.xib */; };
		814C75CA214BAB43007C07E8 /* ReceiverViewCell.swift in Sources */ = {isa = PBXBuildFile; fileRef = 814C75C8214BAB43007C07E8 /* ReceiverViewCell.swift */; };
		814C75CB214BAB43007C07E8 /* ReceiverViewCell.xib in Resources */ = {isa = PBXBuildFile; fileRef = 814C75C9214BAB43007C07E8 /* ReceiverViewCell.xib */; };
		814C75CD214BB5A7007C07E8 /* Message.swift in Sources */ = {isa = PBXBuildFile; fileRef = 814C75CC214BB5A7007C07E8 /* Message.swift */; };
		8152DF1A217770ED00E68F45 /* CoverA.swift in Sources */ = {isa = PBXBuildFile; fileRef = 8152DF19217770ED00E68F45 /* CoverA.swift */; };
		8152DF1C2177710A00E68F45 /* CoverA.xib in Resources */ = {isa = PBXBuildFile; fileRef = 8152DF1B2177710A00E68F45 /* CoverA.xib */; };
		8152DF232178D0AE00E68F45 /* AudioPlayerViewCell.swift in Sources */ = {isa = PBXBuildFile; fileRef = 8152DF212178D0AE00E68F45 /* AudioPlayerViewCell.swift */; };
		8152DF242178D0AE00E68F45 /* AudioPlayerViewCell.xib in Resources */ = {isa = PBXBuildFile; fileRef = 8152DF222178D0AE00E68F45 /* AudioPlayerViewCell.xib */; };
		8152DF262178E10E00E68F45 /* example.mp3 in Resources */ = {isa = PBXBuildFile; fileRef = 8152DF252178E10E00E68F45 /* example.mp3 */; };
		8152DF29217DCCF900E68F45 /* FileViewCell.swift in Sources */ = {isa = PBXBuildFile; fileRef = 8152DF27217DCCF900E68F45 /* FileViewCell.swift */; };
		8152DF2A217DCCF900E68F45 /* FileViewCell.xib in Resources */ = {isa = PBXBuildFile; fileRef = 8152DF28217DCCF900E68F45 /* FileViewCell.xib */; };
		8152DF30217DEBD000E68F45 /* SocketMessageController.swift in Sources */ = {isa = PBXBuildFile; fileRef = 8152DF2F217DEBD000E68F45 /* SocketMessageController.swift */; };
		8152DF32217DFCE600E68F45 /* RxExtension.swift in Sources */ = {isa = PBXBuildFile; fileRef = 8152DF31217DFCE600E68F45 /* RxExtension.swift */; };
		8152DF35217F244C00E68F45 /* LoginViewController.swift in Sources */ = {isa = PBXBuildFile; fileRef = 8152DF34217F244B00E68F45 /* LoginViewController.swift */; };
		81834CCD21590D66004D65E2 /* ImageViewController.swift in Sources */ = {isa = PBXBuildFile; fileRef = 81834CCB21590D66004D65E2 /* ImageViewController.swift */; };
		81834CCE21590D66004D65E2 /* ImageViewController.xib in Resources */ = {isa = PBXBuildFile; fileRef = 81834CCC21590D66004D65E2 /* ImageViewController.xib */; };
		81AD2B3221776899006A0493 /* VideoPlayerViewCell.swift in Sources */ = {isa = PBXBuildFile; fileRef = 81AD2B3021776899006A0493 /* VideoPlayerViewCell.swift */; };
		81AD2B3321776899006A0493 /* VideoPlayerViewCell.xib in Resources */ = {isa = PBXBuildFile; fileRef = 81AD2B3121776899006A0493 /* VideoPlayerViewCell.xib */; };
		81AE8B6E214A5E56009F8524 /* AppDelegate.swift in Sources */ = {isa = PBXBuildFile; fileRef = 81AE8B6D214A5E56009F8524 /* AppDelegate.swift */; };
		81AE8B70214A5E56009F8524 /* ViewController.swift in Sources */ = {isa = PBXBuildFile; fileRef = 81AE8B6F214A5E56009F8524 /* ViewController.swift */; };
		81AE8B75214A5E58009F8524 /* Assets.xcassets in Resources */ = {isa = PBXBuildFile; fileRef = 81AE8B74214A5E58009F8524 /* Assets.xcassets */; };
		81AE8B78214A5E58009F8524 /* LaunchScreen.storyboard in Resources */ = {isa = PBXBuildFile; fileRef = 81AE8B76214A5E58009F8524 /* LaunchScreen.storyboard */; };
		81AE8B83214A5E58009F8524 /* CollectionViewTests.swift in Sources */ = {isa = PBXBuildFile; fileRef = 81AE8B82214A5E58009F8524 /* CollectionViewTests.swift */; };
		81AE8B8E214A5E58009F8524 /* CollectionViewUITests.swift in Sources */ = {isa = PBXBuildFile; fileRef = 81AE8B8D214A5E58009F8524 /* CollectionViewUITests.swift */; };
		81C1F382216E6721007728C0 /* ImageViewCell.swift in Sources */ = {isa = PBXBuildFile; fileRef = 81C1F380216E6721007728C0 /* ImageViewCell.swift */; };
		81C1F383216E6721007728C0 /* ImageViewCell.xib in Resources */ = {isa = PBXBuildFile; fileRef = 81C1F381216E6721007728C0 /* ImageViewCell.xib */; };
		81D689CC2160D31800F569EE /* Main.storyboard in Resources */ = {isa = PBXBuildFile; fileRef = 81D689CB2160D31800F569EE /* Main.storyboard */; };
		81D689CF2162224500F569EE /* Datamodel.swift in Sources */ = {isa = PBXBuildFile; fileRef = 81D689CE2162224500F569EE /* Datamodel.swift */; };
		81D689D22163CF2B00F569EE /* AudioRecorderViewController.swift in Sources */ = {isa = PBXBuildFile; fileRef = 81D689D12163CF2B00F569EE /* AudioRecorderViewController.swift */; };
		81D689D72164B44600F569EE /* AudioViewController.swift in Sources */ = {isa = PBXBuildFile; fileRef = 81D689D52164B44600F569EE /* AudioViewController.swift */; };
		81D689D82164B44600F569EE /* AudioViewController.xib in Resources */ = {isa = PBXBuildFile; fileRef = 81D689D62164B44600F569EE /* AudioViewController.xib */; };
		81D689DB2164C09B00F569EE /* CameraController.swift in Sources */ = {isa = PBXBuildFile; fileRef = 81D689DA2164C09B00F569EE /* CameraController.swift */; };
		81DC827A2175F40F002B40D4 /* TextViewCell.swift in Sources */ = {isa = PBXBuildFile; fileRef = 81DC82782175F40F002B40D4 /* TextViewCell.swift */; };
		81DC827B2175F40F002B40D4 /* TextViewCell.xib in Resources */ = {isa = PBXBuildFile; fileRef = 81DC82792175F40F002B40D4 /* TextViewCell.xib */; };
		81E56F5E2189CF3200F8E263 /* example1.mp3 in Resources */ = {isa = PBXBuildFile; fileRef = 81E56F5D2189CF3200F8E263 /* example1.mp3 */; };
		C389E611EBAAF068944D5BE9 /* Pods_MultimediaChat.framework in Frameworks */ = {isa = PBXBuildFile; fileRef = 559D551000469F9C5EE1E15C /* Pods_MultimediaChat.framework */; };
/* End PBXBuildFile section */

/* Begin PBXContainerItemProxy section */
		81AE8B7F214A5E58009F8524 /* PBXContainerItemProxy */ = {
			isa = PBXContainerItemProxy;
			containerPortal = 81AE8B62214A5E56009F8524 /* Project object */;
			proxyType = 1;
			remoteGlobalIDString = 81AE8B69214A5E56009F8524;
			remoteInfo = CollectionView;
		};
		81AE8B8A214A5E58009F8524 /* PBXContainerItemProxy */ = {
			isa = PBXContainerItemProxy;
			containerPortal = 81AE8B62214A5E56009F8524 /* Project object */;
			proxyType = 1;
			remoteGlobalIDString = 81AE8B69214A5E56009F8524;
			remoteInfo = CollectionView;
		};
/* End PBXContainerItemProxy section */

/* Begin PBXFileReference section */
		44921D266F87AD301C735F9B /* Pods-CollectionView.release.xcconfig */ = {isa = PBXFileReference; includeInIndex = 1; lastKnownFileType = text.xcconfig; name = "Pods-CollectionView.release.xcconfig"; path = "Pods/Target Support Files/Pods-CollectionView/Pods-CollectionView.release.xcconfig"; sourceTree = "<group>"; };
		559D551000469F9C5EE1E15C /* Pods_MultimediaChat.framework */ = {isa = PBXFileReference; explicitFileType = wrapper.framework; includeInIndex = 0; path = Pods_MultimediaChat.framework; sourceTree = BUILT_PRODUCTS_DIR; };
		8106082E215B90B10073E3DB /* GifView.swift */ = {isa = PBXFileReference; lastKnownFileType = sourcecode.swift; name = GifView.swift; path = GifController/GifView.swift; sourceTree = "<group>"; };
		8106082F215B90B10073E3DB /* GifView.xib */ = {isa = PBXFileReference; lastKnownFileType = file.xib; name = GifView.xib; path = GifController/GifView.xib; sourceTree = "<group>"; };
		81060832215B95060073E3DB /* GifCell.swift */ = {isa = PBXFileReference; lastKnownFileType = sourcecode.swift; path = GifCell.swift; sourceTree = "<group>"; };
		81060833215B95060073E3DB /* GifCell.xib */ = {isa = PBXFileReference; lastKnownFileType = file.xib; path = GifCell.xib; sourceTree = "<group>"; };
		81095338215A68F2009291C6 /* imageExtension.swift */ = {isa = PBXFileReference; lastKnownFileType = sourcecode.swift; path = imageExtension.swift; sourceTree = "<group>"; };
		8120DA0B2199A7D3001B7B7F /* ChatView.swift */ = {isa = PBXFileReference; lastKnownFileType = sourcecode.swift; path = ChatView.swift; sourceTree = "<group>"; };
		8120DA0D2199A82B001B7B7F /* ChatView.xib */ = {isa = PBXFileReference; lastKnownFileType = file.xib; path = ChatView.xib; sourceTree = "<group>"; };
		8120DA0F2199AC4B001B7B7F /* KeyboardTabView.swift */ = {isa = PBXFileReference; lastKnownFileType = sourcecode.swift; path = KeyboardTabView.swift; sourceTree = "<group>"; };
		8120DA112199B0FF001B7B7F /* TestViewController.swift */ = {isa = PBXFileReference; lastKnownFileType = sourcecode.swift; path = TestViewController.swift; sourceTree = "<group>"; };
		8120DA172199B4A2001B7B7F /* extensionUIView.swift */ = {isa = PBXFileReference; lastKnownFileType = sourcecode.swift; path = extensionUIView.swift; sourceTree = "<group>"; };
		8120DA192199BDF5001B7B7F /* KeyboardTabView.xib */ = {isa = PBXFileReference; lastKnownFileType = file.xib; path = KeyboardTabView.xib; sourceTree = "<group>"; };
		8120DA1D219C5F06001B7B7F /* GifKeyboardView.swift */ = {isa = PBXFileReference; lastKnownFileType = sourcecode.swift; name = GifKeyboardView.swift; path = ../GIFViewController/GifKeyboardView.swift; sourceTree = "<group>"; };
		8120DA1F219C5F1B001B7B7F /* GifKeyboardView.xib */ = {isa = PBXFileReference; lastKnownFileType = file.xib; name = GifKeyboardView.xib; path = ../GIFViewController/GifKeyboardView.xib; sourceTree = "<group>"; };
		8120DA27219C7FD1001B7B7F /* ImageViewExtension .swift */ = {isa = PBXFileReference; lastKnownFileType = sourcecode.swift; name = "ImageViewExtension .swift"; path = "MultimediaChat/ChatViewlibrary/GIFViewController/ImageViewExtension .swift"; sourceTree = SOURCE_ROOT; };
		8120DA2B219CB2A7001B7B7F /* GifuExtension.swift */ = {isa = PBXFileReference; lastKnownFileType = sourcecode.swift; path = GifuExtension.swift; sourceTree = "<group>"; };
		812363C2216E1B0300D224B8 /* SocketIOManager.swift */ = {isa = PBXFileReference; lastKnownFileType = sourcecode.swift; path = SocketIOManager.swift; sourceTree = "<group>"; };
		8132AC8E21946D5200A97A17 /* keyboardTapView.xib */ = {isa = PBXFileReference; lastKnownFileType = file.xib; path = keyboardTapView.xib; sourceTree = "<group>"; };
		814C75C8214BAB43007C07E8 /* ReceiverViewCell.swift */ = {isa = PBXFileReference; lastKnownFileType = sourcecode.swift; path = ReceiverViewCell.swift; sourceTree = "<group>"; };
		814C75C9214BAB43007C07E8 /* ReceiverViewCell.xib */ = {isa = PBXFileReference; lastKnownFileType = file.xib; path = ReceiverViewCell.xib; sourceTree = "<group>"; };
		814C75CC214BB5A7007C07E8 /* Message.swift */ = {isa = PBXFileReference; lastKnownFileType = sourcecode.swift; name = Message.swift; path = DataController/Message.swift; sourceTree = "<group>"; };
		8152DF19217770ED00E68F45 /* CoverA.swift */ = {isa = PBXFileReference; lastKnownFileType = sourcecode.swift; path = CoverA.swift; sourceTree = "<group>"; };
		8152DF1B2177710A00E68F45 /* CoverA.xib */ = {isa = PBXFileReference; lastKnownFileType = file.xib; path = CoverA.xib; sourceTree = "<group>"; };
		8152DF212178D0AE00E68F45 /* AudioPlayerViewCell.swift */ = {isa = PBXFileReference; lastKnownFileType = sourcecode.swift; path = AudioPlayerViewCell.swift; sourceTree = "<group>"; };
		8152DF222178D0AE00E68F45 /* AudioPlayerViewCell.xib */ = {isa = PBXFileReference; lastKnownFileType = file.xib; path = AudioPlayerViewCell.xib; sourceTree = "<group>"; };
		8152DF252178E10E00E68F45 /* example.mp3 */ = {isa = PBXFileReference; lastKnownFileType = audio.mp3; name = example.mp3; path = ../../../../Downloads/example.mp3; sourceTree = "<group>"; };
		8152DF27217DCCF900E68F45 /* FileViewCell.swift */ = {isa = PBXFileReference; lastKnownFileType = sourcecode.swift; path = FileViewCell.swift; sourceTree = "<group>"; };
		8152DF28217DCCF900E68F45 /* FileViewCell.xib */ = {isa = PBXFileReference; lastKnownFileType = file.xib; path = FileViewCell.xib; sourceTree = "<group>"; };
		8152DF2F217DEBD000E68F45 /* SocketMessageController.swift */ = {isa = PBXFileReference; lastKnownFileType = sourcecode.swift; path = SocketMessageController.swift; sourceTree = "<group>"; };
		8152DF31217DFCE600E68F45 /* RxExtension.swift */ = {isa = PBXFileReference; lastKnownFileType = sourcecode.swift; path = RxExtension.swift; sourceTree = "<group>"; };
		8152DF34217F244B00E68F45 /* LoginViewController.swift */ = {isa = PBXFileReference; lastKnownFileType = sourcecode.swift; path = LoginViewController.swift; sourceTree = "<group>"; };
		81834CCB21590D66004D65E2 /* ImageViewController.swift */ = {isa = PBXFileReference; lastKnownFileType = sourcecode.swift; path = ImageViewController.swift; sourceTree = "<group>"; };
		81834CCC21590D66004D65E2 /* ImageViewController.xib */ = {isa = PBXFileReference; lastKnownFileType = file.xib; path = ImageViewController.xib; sourceTree = "<group>"; };
		81AD2B3021776899006A0493 /* VideoPlayerViewCell.swift */ = {isa = PBXFileReference; lastKnownFileType = sourcecode.swift; path = VideoPlayerViewCell.swift; sourceTree = "<group>"; };
		81AD2B3121776899006A0493 /* VideoPlayerViewCell.xib */ = {isa = PBXFileReference; lastKnownFileType = file.xib; path = VideoPlayerViewCell.xib; sourceTree = "<group>"; };
		81AE8B6A214A5E56009F8524 /* MultimediaChat.app */ = {isa = PBXFileReference; explicitFileType = wrapper.application; includeInIndex = 0; path = MultimediaChat.app; sourceTree = BUILT_PRODUCTS_DIR; };
		81AE8B6D214A5E56009F8524 /* AppDelegate.swift */ = {isa = PBXFileReference; lastKnownFileType = sourcecode.swift; path = AppDelegate.swift; sourceTree = "<group>"; };
		81AE8B6F214A5E56009F8524 /* ViewController.swift */ = {isa = PBXFileReference; lastKnownFileType = sourcecode.swift; path = ViewController.swift; sourceTree = "<group>"; };
		81AE8B74214A5E58009F8524 /* Assets.xcassets */ = {isa = PBXFileReference; lastKnownFileType = folder.assetcatalog; path = Assets.xcassets; sourceTree = "<group>"; };
		81AE8B77214A5E58009F8524 /* Base */ = {isa = PBXFileReference; lastKnownFileType = file.storyboard; name = Base; path = Base.lproj/LaunchScreen.storyboard; sourceTree = "<group>"; };
		81AE8B79214A5E58009F8524 /* Info.plist */ = {isa = PBXFileReference; lastKnownFileType = text.plist.xml; path = Info.plist; sourceTree = "<group>"; };
		81AE8B7E214A5E58009F8524 /* MultimediaChatTests.xctest */ = {isa = PBXFileReference; explicitFileType = wrapper.cfbundle; includeInIndex = 0; path = MultimediaChatTests.xctest; sourceTree = BUILT_PRODUCTS_DIR; };
		81AE8B82214A5E58009F8524 /* CollectionViewTests.swift */ = {isa = PBXFileReference; lastKnownFileType = sourcecode.swift; path = CollectionViewTests.swift; sourceTree = "<group>"; };
		81AE8B84214A5E58009F8524 /* Info.plist */ = {isa = PBXFileReference; lastKnownFileType = text.plist.xml; path = Info.plist; sourceTree = "<group>"; };
		81AE8B89214A5E58009F8524 /* MultimediaChatUITests.xctest */ = {isa = PBXFileReference; explicitFileType = wrapper.cfbundle; includeInIndex = 0; path = MultimediaChatUITests.xctest; sourceTree = BUILT_PRODUCTS_DIR; };
		81AE8B8D214A5E58009F8524 /* CollectionViewUITests.swift */ = {isa = PBXFileReference; lastKnownFileType = sourcecode.swift; path = CollectionViewUITests.swift; sourceTree = "<group>"; };
		81AE8B8F214A5E58009F8524 /* Info.plist */ = {isa = PBXFileReference; lastKnownFileType = text.plist.xml; path = Info.plist; sourceTree = "<group>"; };
		81C1F380216E6721007728C0 /* ImageViewCell.swift */ = {isa = PBXFileReference; lastKnownFileType = sourcecode.swift; path = ImageViewCell.swift; sourceTree = "<group>"; };
		81C1F381216E6721007728C0 /* ImageViewCell.xib */ = {isa = PBXFileReference; lastKnownFileType = file.xib; path = ImageViewCell.xib; sourceTree = "<group>"; };
		81D689CB2160D31800F569EE /* Main.storyboard */ = {isa = PBXFileReference; lastKnownFileType = file.storyboard; path = Main.storyboard; sourceTree = "<group>"; };
		81D689CE2162224500F569EE /* Datamodel.swift */ = {isa = PBXFileReference; lastKnownFileType = sourcecode.swift; name = Datamodel.swift; path = DataController/Datamodel.swift; sourceTree = "<group>"; };
		81D689D12163CF2B00F569EE /* AudioRecorderViewController.swift */ = {isa = PBXFileReference; lastKnownFileType = sourcecode.swift; name = AudioRecorderViewController.swift; path = AudioRecorder/AudioRecorderViewController.swift; sourceTree = "<group>"; };
		81D689D52164B44600F569EE /* AudioViewController.swift */ = {isa = PBXFileReference; lastKnownFileType = sourcecode.swift; name = AudioViewController.swift; path = AudioRecorder/AudioViewController.swift; sourceTree = "<group>"; };
		81D689D62164B44600F569EE /* AudioViewController.xib */ = {isa = PBXFileReference; lastKnownFileType = file.xib; name = AudioViewController.xib; path = AudioRecorder/AudioViewController.xib; sourceTree = "<group>"; };
		81D689DA2164C09B00F569EE /* CameraController.swift */ = {isa = PBXFileReference; lastKnownFileType = sourcecode.swift; name = CameraController.swift; path = CameraController/CameraController.swift; sourceTree = "<group>"; };
		81DC82782175F40F002B40D4 /* TextViewCell.swift */ = {isa = PBXFileReference; lastKnownFileType = sourcecode.swift; path = TextViewCell.swift; sourceTree = "<group>"; };
		81DC82792175F40F002B40D4 /* TextViewCell.xib */ = {isa = PBXFileReference; lastKnownFileType = file.xib; path = TextViewCell.xib; sourceTree = "<group>"; };
		81E56F5D2189CF3200F8E263 /* example1.mp3 */ = {isa = PBXFileReference; lastKnownFileType = audio.mp3; name = example1.mp3; path = ../../../../Downloads/example1.mp3; sourceTree = "<group>"; };
		C32189C5A3D4678F6B4D23DF /* Pods-MultimediaChat.release.xcconfig */ = {isa = PBXFileReference; includeInIndex = 1; lastKnownFileType = text.xcconfig; name = "Pods-MultimediaChat.release.xcconfig"; path = "Pods/Target Support Files/Pods-MultimediaChat/Pods-MultimediaChat.release.xcconfig"; sourceTree = "<group>"; };
		E0C7D557DF0685500B7A8258 /* Pods-CollectionView.debug.xcconfig */ = {isa = PBXFileReference; includeInIndex = 1; lastKnownFileType = text.xcconfig; name = "Pods-CollectionView.debug.xcconfig"; path = "Pods/Target Support Files/Pods-CollectionView/Pods-CollectionView.debug.xcconfig"; sourceTree = "<group>"; };
		F90B72CB4731C9516C463215 /* Pods-MultimediaChat.debug.xcconfig */ = {isa = PBXFileReference; includeInIndex = 1; lastKnownFileType = text.xcconfig; name = "Pods-MultimediaChat.debug.xcconfig"; path = "Pods/Target Support Files/Pods-MultimediaChat/Pods-MultimediaChat.debug.xcconfig"; sourceTree = "<group>"; };
/* End PBXFileReference section */

/* Begin PBXFrameworksBuildPhase section */
		81AE8B67214A5E56009F8524 /* Frameworks */ = {
			isa = PBXFrameworksBuildPhase;
			buildActionMask = 2147483647;
			files = (
				C389E611EBAAF068944D5BE9 /* Pods_MultimediaChat.framework in Frameworks */,
			);
			runOnlyForDeploymentPostprocessing = 0;
		};
		81AE8B7B214A5E58009F8524 /* Frameworks */ = {
			isa = PBXFrameworksBuildPhase;
			buildActionMask = 2147483647;
			files = (
			);
			runOnlyForDeploymentPostprocessing = 0;
		};
		81AE8B86214A5E58009F8524 /* Frameworks */ = {
			isa = PBXFrameworksBuildPhase;
			buildActionMask = 2147483647;
			files = (
			);
			runOnlyForDeploymentPostprocessing = 0;
		};
/* End PBXFrameworksBuildPhase section */

/* Begin PBXGroup section */
		81060825215B86220073E3DB /* GifController */ = {
			isa = PBXGroup;
			children = (
				8106082E215B90B10073E3DB /* GifView.swift */,
				8106082F215B90B10073E3DB /* GifView.xib */,
			);
			name = GifController;
			sourceTree = "<group>";
		};
		8120DA0A2199A386001B7B7F /* ChatViewlibrary */ = {
			isa = PBXGroup;
			children = (
				8120DA26219C7B7E001B7B7F /* GIFViewController */,
				8120DA0B2199A7D3001B7B7F /* ChatView.swift */,
				8120DA0D2199A82B001B7B7F /* ChatView.xib */,
				8120DA0F2199AC4B001B7B7F /* KeyboardTabView.swift */,
				8120DA172199B4A2001B7B7F /* extensionUIView.swift */,
				8120DA192199BDF5001B7B7F /* KeyboardTabView.xib */,
			);
			path = ChatViewlibrary;
			sourceTree = "<group>";
		};
		8120DA26219C7B7E001B7B7F /* GIFViewController */ = {
			isa = PBXGroup;
			children = (
				8120DA1D219C5F06001B7B7F /* GifKeyboardView.swift */,
				8120DA1F219C5F1B001B7B7F /* GifKeyboardView.xib */,
				8120DA27219C7FD1001B7B7F /* ImageViewExtension .swift */,
				8120DA2B219CB2A7001B7B7F /* GifuExtension.swift */,
				81060832215B95060073E3DB /* GifCell.swift */,
				81060833215B95060073E3DB /* GifCell.xib */,
			);
			path = GIFViewController;
			sourceTree = "<group>";
		};
		812363C1216E18BB00D224B8 /* SocketController */ = {
			isa = PBXGroup;
			children = (
				812363C2216E1B0300D224B8 /* SocketIOManager.swift */,
				8152DF2F217DEBD000E68F45 /* SocketMessageController.swift */,
			);
			path = SocketController;
			sourceTree = "<group>";
		};
		8132AC8D21946D3D00A97A17 /* Views */ = {
			isa = PBXGroup;
			children = (
				8132AC8E21946D5200A97A17 /* keyboardTapView.xib */,
			);
			path = Views;
			sourceTree = "<group>";
		};
		81AE8B61214A5E56009F8524 = {
			isa = PBXGroup;
			children = (
				81AE8B6C214A5E56009F8524 /* MultimediaChat */,
				81AE8B81214A5E58009F8524 /* CollectionViewTests */,
				81AE8B8C214A5E58009F8524 /* CollectionViewUITests */,
				81AE8B6B214A5E56009F8524 /* Products */,
				F1F62AA7A313217CF61A7694 /* Pods */,
				C1B91A85E2B38684FA7581A9 /* Frameworks */,
			);
			sourceTree = "<group>";
		};
		81AE8B6B214A5E56009F8524 /* Products */ = {
			isa = PBXGroup;
			children = (
				81AE8B6A214A5E56009F8524 /* MultimediaChat.app */,
				81AE8B7E214A5E58009F8524 /* MultimediaChatTests.xctest */,
				81AE8B89214A5E58009F8524 /* MultimediaChatUITests.xctest */,
			);
			name = Products;
			sourceTree = "<group>";
		};
		81AE8B6C214A5E56009F8524 /* MultimediaChat */ = {
			isa = PBXGroup;
			children = (
				8120DA0A2199A386001B7B7F /* ChatViewlibrary */,
				81C1F37F216E62B8007728C0 /* MessageView */,
				812363C1216E18BB00D224B8 /* SocketController */,
				81D689D92164C07E00F569EE /* CameraController */,
				81D689D02163CEF900F569EE /* AudioRecorder */,
				81D689CD216221C900F569EE /* DataController */,
				81060825215B86220073E3DB /* GifController */,
				81834CCB21590D66004D65E2 /* ImageViewController.swift */,
				81834CCC21590D66004D65E2 /* ImageViewController.xib */,
				81AE8B6D214A5E56009F8524 /* AppDelegate.swift */,
				8132AC8D21946D3D00A97A17 /* Views */,
				81AE8B6F214A5E56009F8524 /* ViewController.swift */,
				8152DF31217DFCE600E68F45 /* RxExtension.swift */,
				81D689CB2160D31800F569EE /* Main.storyboard */,
				81AE8B74214A5E58009F8524 /* Assets.xcassets */,
				8152DF252178E10E00E68F45 /* example.mp3 */,
				81E56F5D2189CF3200F8E263 /* example1.mp3 */,
				81AE8B76214A5E58009F8524 /* LaunchScreen.storyboard */,
				8120DA112199B0FF001B7B7F /* TestViewController.swift */,
				81AE8B79214A5E58009F8524 /* Info.plist */,
				8152DF34217F244B00E68F45 /* LoginViewController.swift */,
				814C75C8214BAB43007C07E8 /* ReceiverViewCell.swift */,
				814C75C9214BAB43007C07E8 /* ReceiverViewCell.xib */,
				81095338215A68F2009291C6 /* imageExtension.swift */,
			);
			path = MultimediaChat;
			sourceTree = "<group>";
		};
		81AE8B81214A5E58009F8524 /* CollectionViewTests */ = {
			isa = PBXGroup;
			children = (
				81AE8B82214A5E58009F8524 /* CollectionViewTests.swift */,
				81AE8B84214A5E58009F8524 /* Info.plist */,
			);
			name = CollectionViewTests;
			path = MultimediaChatTests;
			sourceTree = "<group>";
		};
		81AE8B8C214A5E58009F8524 /* CollectionViewUITests */ = {
			isa = PBXGroup;
			children = (
				81AE8B8D214A5E58009F8524 /* CollectionViewUITests.swift */,
				81AE8B8F214A5E58009F8524 /* Info.plist */,
			);
			name = CollectionViewUITests;
			path = MultimediaChatUITests;
			sourceTree = "<group>";
		};
		81C1F37F216E62B8007728C0 /* MessageView */ = {
			isa = PBXGroup;
			children = (
				81C1F380216E6721007728C0 /* ImageViewCell.swift */,
				81C1F381216E6721007728C0 /* ImageViewCell.xib */,
				81DC82782175F40F002B40D4 /* TextViewCell.swift */,
				81DC82792175F40F002B40D4 /* TextViewCell.xib */,
				81AD2B3021776899006A0493 /* VideoPlayerViewCell.swift */,
				81AD2B3121776899006A0493 /* VideoPlayerViewCell.xib */,
				8152DF19217770ED00E68F45 /* CoverA.swift */,
				8152DF1B2177710A00E68F45 /* CoverA.xib */,
				8152DF212178D0AE00E68F45 /* AudioPlayerViewCell.swift */,
				8152DF222178D0AE00E68F45 /* AudioPlayerViewCell.xib */,
				8152DF27217DCCF900E68F45 /* FileViewCell.swift */,
				8152DF28217DCCF900E68F45 /* FileViewCell.xib */,
			);
			path = MessageView;
			sourceTree = "<group>";
		};
		81D689CD216221C900F569EE /* DataController */ = {
			isa = PBXGroup;
			children = (
				814C75CC214BB5A7007C07E8 /* Message.swift */,
				81D689CE2162224500F569EE /* Datamodel.swift */,
			);
			name = DataController;
			sourceTree = "<group>";
		};
		81D689D02163CEF900F569EE /* AudioRecorder */ = {
			isa = PBXGroup;
			children = (
				81D689D12163CF2B00F569EE /* AudioRecorderViewController.swift */,
				81D689D52164B44600F569EE /* AudioViewController.swift */,
				81D689D62164B44600F569EE /* AudioViewController.xib */,
			);
			name = AudioRecorder;
			sourceTree = "<group>";
		};
		81D689D92164C07E00F569EE /* CameraController */ = {
			isa = PBXGroup;
			children = (
				81D689DA2164C09B00F569EE /* CameraController.swift */,
			);
			name = CameraController;
			sourceTree = "<group>";
		};
		C1B91A85E2B38684FA7581A9 /* Frameworks */ = {
			isa = PBXGroup;
			children = (
				559D551000469F9C5EE1E15C /* Pods_MultimediaChat.framework */,
			);
			name = Frameworks;
			sourceTree = "<group>";
		};
		F1F62AA7A313217CF61A7694 /* Pods */ = {
			isa = PBXGroup;
			children = (
				E0C7D557DF0685500B7A8258 /* Pods-CollectionView.debug.xcconfig */,
				44921D266F87AD301C735F9B /* Pods-CollectionView.release.xcconfig */,
				F90B72CB4731C9516C463215 /* Pods-MultimediaChat.debug.xcconfig */,
				C32189C5A3D4678F6B4D23DF /* Pods-MultimediaChat.release.xcconfig */,
			);
			name = Pods;
			sourceTree = "<group>";
		};
/* End PBXGroup section */

/* Begin PBXNativeTarget section */
		81AE8B69214A5E56009F8524 /* MultimediaChat */ = {
			isa = PBXNativeTarget;
			buildConfigurationList = 81AE8B92214A5E58009F8524 /* Build configuration list for PBXNativeTarget "MultimediaChat" */;
			buildPhases = (
				841F02CAEEED01F3F304DCE5 /* [CP] Check Pods Manifest.lock */,
				81AE8B66214A5E56009F8524 /* Sources */,
				81AE8B67214A5E56009F8524 /* Frameworks */,
				81AE8B68214A5E56009F8524 /* Resources */,
				D9BF490AB7C4E425DC57D2AC /* [CP] Embed Pods Frameworks */,
			);
			buildRules = (
			);
			dependencies = (
			);
			name = MultimediaChat;
			productName = CollectionView;
			productReference = 81AE8B6A214A5E56009F8524 /* MultimediaChat.app */;
			productType = "com.apple.product-type.application";
		};
		81AE8B7D214A5E58009F8524 /* MultimediaChatTests */ = {
			isa = PBXNativeTarget;
			buildConfigurationList = 81AE8B95214A5E58009F8524 /* Build configuration list for PBXNativeTarget "MultimediaChatTests" */;
			buildPhases = (
				81AE8B7A214A5E58009F8524 /* Sources */,
				81AE8B7B214A5E58009F8524 /* Frameworks */,
				81AE8B7C214A5E58009F8524 /* Resources */,
			);
			buildRules = (
			);
			dependencies = (
				81AE8B80214A5E58009F8524 /* PBXTargetDependency */,
			);
			name = MultimediaChatTests;
			productName = CollectionViewTests;
			productReference = 81AE8B7E214A5E58009F8524 /* MultimediaChatTests.xctest */;
			productType = "com.apple.product-type.bundle.unit-test";
		};
		81AE8B88214A5E58009F8524 /* MultimediaChatUITests */ = {
			isa = PBXNativeTarget;
			buildConfigurationList = 81AE8B98214A5E58009F8524 /* Build configuration list for PBXNativeTarget "MultimediaChatUITests" */;
			buildPhases = (
				81AE8B85214A5E58009F8524 /* Sources */,
				81AE8B86214A5E58009F8524 /* Frameworks */,
				81AE8B87214A5E58009F8524 /* Resources */,
			);
			buildRules = (
			);
			dependencies = (
				81AE8B8B214A5E58009F8524 /* PBXTargetDependency */,
			);
			name = MultimediaChatUITests;
			productName = CollectionViewUITests;
			productReference = 81AE8B89214A5E58009F8524 /* MultimediaChatUITests.xctest */;
			productType = "com.apple.product-type.bundle.ui-testing";
		};
/* End PBXNativeTarget section */

/* Begin PBXProject section */
		81AE8B62214A5E56009F8524 /* Project object */ = {
			isa = PBXProject;
			attributes = {
				LastSwiftUpdateCheck = 0940;
				LastUpgradeCheck = 0940;
				ORGANIZATIONNAME = "Tobias Frantsen";
				TargetAttributes = {
					81AE8B69214A5E56009F8524 = {
						CreatedOnToolsVersion = 9.4.1;
					};
					81AE8B7D214A5E58009F8524 = {
						CreatedOnToolsVersion = 9.4.1;
						TestTargetID = 81AE8B69214A5E56009F8524;
					};
					81AE8B88214A5E58009F8524 = {
						CreatedOnToolsVersion = 9.4.1;
						TestTargetID = 81AE8B69214A5E56009F8524;
					};
				};
			};
			buildConfigurationList = 81AE8B65214A5E56009F8524 /* Build configuration list for PBXProject "MultimediaChat" */;
			compatibilityVersion = "Xcode 9.3";
			developmentRegion = en;
			hasScannedForEncodings = 0;
			knownRegions = (
				en,
				Base,
			);
			mainGroup = 81AE8B61214A5E56009F8524;
			productRefGroup = 81AE8B6B214A5E56009F8524 /* Products */;
			projectDirPath = "";
			projectRoot = "";
			targets = (
				81AE8B69214A5E56009F8524 /* MultimediaChat */,
				81AE8B7D214A5E58009F8524 /* MultimediaChatTests */,
				81AE8B88214A5E58009F8524 /* MultimediaChatUITests */,
			);
		};
/* End PBXProject section */

/* Begin PBXResourcesBuildPhase section */
		81AE8B68214A5E56009F8524 /* Resources */ = {
			isa = PBXResourcesBuildPhase;
			buildActionMask = 2147483647;
			files = (
				81AE8B78214A5E58009F8524 /* LaunchScreen.storyboard in Resources */,
				81AD2B3321776899006A0493 /* VideoPlayerViewCell.xib in Resources */,
				81DC827B2175F40F002B40D4 /* TextViewCell.xib in Resources */,
				8152DF2A217DCCF900E68F45 /* FileViewCell.xib in Resources */,
				81C1F383216E6721007728C0 /* ImageViewCell.xib in Resources */,
				81060831215B90B10073E3DB /* GifView.xib in Resources */,
				8152DF242178D0AE00E68F45 /* AudioPlayerViewCell.xib in Resources */,
				81E56F5E2189CF3200F8E263 /* example1.mp3 in Resources */,
				8120DA0E2199A82B001B7B7F /* ChatView.xib in Resources */,
				81060835215B95060073E3DB /* GifCell.xib in Resources */,
				81D689CC2160D31800F569EE /* Main.storyboard in Resources */,
				814C75CB214BAB43007C07E8 /* ReceiverViewCell.xib in Resources */,
				81AE8B75214A5E58009F8524 /* Assets.xcassets in Resources */,
				81D689D82164B44600F569EE /* AudioViewController.xib in Resources */,
				8120DA20219C5F1B001B7B7F /* GifKeyboardView.xib in Resources */,
				8132AC8F21946D5200A97A17 /* keyboardTapView.xib in Resources */,
				81834CCE21590D66004D65E2 /* ImageViewController.xib in Resources */,
				8152DF262178E10E00E68F45 /* example.mp3 in Resources */,
				8152DF1C2177710A00E68F45 /* CoverA.xib in Resources */,
				8120DA1A2199BDF5001B7B7F /* KeyboardTabView.xib in Resources */,
			);
			runOnlyForDeploymentPostprocessing = 0;
		};
		81AE8B7C214A5E58009F8524 /* Resources */ = {
			isa = PBXResourcesBuildPhase;
			buildActionMask = 2147483647;
			files = (
			);
			runOnlyForDeploymentPostprocessing = 0;
		};
		81AE8B87214A5E58009F8524 /* Resources */ = {
			isa = PBXResourcesBuildPhase;
			buildActionMask = 2147483647;
			files = (
			);
			runOnlyForDeploymentPostprocessing = 0;
		};
/* End PBXResourcesBuildPhase section */

/* Begin PBXShellScriptBuildPhase section */
		841F02CAEEED01F3F304DCE5 /* [CP] Check Pods Manifest.lock */ = {
			isa = PBXShellScriptBuildPhase;
			buildActionMask = 2147483647;
			files = (
			);
			inputFileListPaths = (
			);
			inputPaths = (
				"${PODS_PODFILE_DIR_PATH}/Podfile.lock",
				"${PODS_ROOT}/Manifest.lock",
			);
			name = "[CP] Check Pods Manifest.lock";
			outputFileListPaths = (
			);
			outputPaths = (
				"$(DERIVED_FILE_DIR)/Pods-MultimediaChat-checkManifestLockResult.txt",
			);
			runOnlyForDeploymentPostprocessing = 0;
			shellPath = /bin/sh;
			shellScript = "diff \"${PODS_PODFILE_DIR_PATH}/Podfile.lock\" \"${PODS_ROOT}/Manifest.lock\" > /dev/null\nif [ $? != 0 ] ; then\n    # print error to STDERR\n    echo \"error: The sandbox is not in sync with the Podfile.lock. Run 'pod install' or update your CocoaPods installation.\" >&2\n    exit 1\nfi\n# This output is used by Xcode 'outputs' to avoid re-running this script phase.\necho \"SUCCESS\" > \"${SCRIPT_OUTPUT_FILE_0}\"\n";
			showEnvVarsInLog = 0;
		};
		D9BF490AB7C4E425DC57D2AC /* [CP] Embed Pods Frameworks */ = {
			isa = PBXShellScriptBuildPhase;
			buildActionMask = 2147483647;
			files = (
			);
			inputFileListPaths = (
			);
			inputPaths = (
				"${PODS_ROOT}/Target Support Files/Pods-MultimediaChat/Pods-MultimediaChat-frameworks.sh",
				"${BUILT_PRODUCTS_DIR}/BRYXBanner/BRYXBanner.framework",
				"${BUILT_PRODUCTS_DIR}/FileBrowser/FileBrowser.framework",
				"${BUILT_PRODUCTS_DIR}/Gifu/Gifu.framework",
				"${BUILT_PRODUCTS_DIR}/GiphyCoreSDK/GiphyCoreSDK.framework",
				"${BUILT_PRODUCTS_DIR}/MMPlayerView/MMPlayerView.framework",
				"${BUILT_PRODUCTS_DIR}/NVActivityIndicatorView/NVActivityIndicatorView.framework",
				"${BUILT_PRODUCTS_DIR}/Nuke/Nuke.framework",
				"${BUILT_PRODUCTS_DIR}/RxCocoa/RxCocoa.framework",
				"${BUILT_PRODUCTS_DIR}/RxSwift/RxSwift.framework",
				"${BUILT_PRODUCTS_DIR}/Socket.IO-Client-Swift/SocketIO.framework",
				"${BUILT_PRODUCTS_DIR}/Starscream/Starscream.framework",
			);
			name = "[CP] Embed Pods Frameworks";
			outputFileListPaths = (
			);
			outputPaths = (
				"${TARGET_BUILD_DIR}/${FRAMEWORKS_FOLDER_PATH}/BRYXBanner.framework",
				"${TARGET_BUILD_DIR}/${FRAMEWORKS_FOLDER_PATH}/FileBrowser.framework",
				"${TARGET_BUILD_DIR}/${FRAMEWORKS_FOLDER_PATH}/Gifu.framework",
				"${TARGET_BUILD_DIR}/${FRAMEWORKS_FOLDER_PATH}/GiphyCoreSDK.framework",
				"${TARGET_BUILD_DIR}/${FRAMEWORKS_FOLDER_PATH}/MMPlayerView.framework",
				"${TARGET_BUILD_DIR}/${FRAMEWORKS_FOLDER_PATH}/NVActivityIndicatorView.framework",
				"${TARGET_BUILD_DIR}/${FRAMEWORKS_FOLDER_PATH}/Nuke.framework",
				"${TARGET_BUILD_DIR}/${FRAMEWORKS_FOLDER_PATH}/RxCocoa.framework",
				"${TARGET_BUILD_DIR}/${FRAMEWORKS_FOLDER_PATH}/RxSwift.framework",
				"${TARGET_BUILD_DIR}/${FRAMEWORKS_FOLDER_PATH}/SocketIO.framework",
				"${TARGET_BUILD_DIR}/${FRAMEWORKS_FOLDER_PATH}/Starscream.framework",
			);
			runOnlyForDeploymentPostprocessing = 0;
			shellPath = /bin/sh;
			shellScript = "\"${PODS_ROOT}/Target Support Files/Pods-MultimediaChat/Pods-MultimediaChat-frameworks.sh\"\n";
			showEnvVarsInLog = 0;
		};
/* End PBXShellScriptBuildPhase section */

/* Begin PBXSourcesBuildPhase section */
		81AE8B66214A5E56009F8524 /* Sources */ = {
			isa = PBXSourcesBuildPhase;
			buildActionMask = 2147483647;
			files = (
				8120DA182199B4A2001B7B7F /* extensionUIView.swift in Sources */,
				81AE8B70214A5E56009F8524 /* ViewController.swift in Sources */,
				8152DF32217DFCE600E68F45 /* RxExtension.swift in Sources */,
				8120DA0C2199A7D3001B7B7F /* ChatView.swift in Sources */,
				81D689D22163CF2B00F569EE /* AudioRecorderViewController.swift in Sources */,
				8120DA1E219C5F06001B7B7F /* GifKeyboardView.swift in Sources */,
				8120DA2C219CB2A7001B7B7F /* GifuExtension.swift in Sources */,
				8152DF30217DEBD000E68F45 /* SocketMessageController.swift in Sources */,
				81D689DB2164C09B00F569EE /* CameraController.swift in Sources */,
				81AD2B3221776899006A0493 /* VideoPlayerViewCell.swift in Sources */,
				814C75CA214BAB43007C07E8 /* ReceiverViewCell.swift in Sources */,
				81060834215B95060073E3DB /* GifCell.swift in Sources */,
				814C75CD214BB5A7007C07E8 /* Message.swift in Sources */,
				8120DA122199B0FF001B7B7F /* TestViewController.swift in Sources */,
				81AE8B6E214A5E56009F8524 /* AppDelegate.swift in Sources */,
				8152DF35217F244C00E68F45 /* LoginViewController.swift in Sources */,
				81D689CF2162224500F569EE /* Datamodel.swift in Sources */,
				81C1F382216E6721007728C0 /* ImageViewCell.swift in Sources */,
				8152DF232178D0AE00E68F45 /* AudioPlayerViewCell.swift in Sources */,
				81060830215B90B10073E3DB /* GifView.swift in Sources */,
				812363C3216E1B0300D224B8 /* SocketIOManager.swift in Sources */,
				81095339215A68F2009291C6 /* imageExtension.swift in Sources */,
				8152DF1A217770ED00E68F45 /* CoverA.swift in Sources */,
				8120DA102199AC4B001B7B7F /* KeyboardTabView.swift in Sources */,
				8120DA28219C7FD1001B7B7F /* ImageViewExtension .swift in Sources */,
				81DC827A2175F40F002B40D4 /* TextViewCell.swift in Sources */,
				8152DF29217DCCF900E68F45 /* FileViewCell.swift in Sources */,
				81834CCD21590D66004D65E2 /* ImageViewController.swift in Sources */,
				81D689D72164B44600F569EE /* AudioViewController.swift in Sources */,
			);
			runOnlyForDeploymentPostprocessing = 0;
		};
		81AE8B7A214A5E58009F8524 /* Sources */ = {
			isa = PBXSourcesBuildPhase;
			buildActionMask = 2147483647;
			files = (
				81AE8B83214A5E58009F8524 /* CollectionViewTests.swift in Sources */,
			);
			runOnlyForDeploymentPostprocessing = 0;
		};
		81AE8B85214A5E58009F8524 /* Sources */ = {
			isa = PBXSourcesBuildPhase;
			buildActionMask = 2147483647;
			files = (
				81AE8B8E214A5E58009F8524 /* CollectionViewUITests.swift in Sources */,
			);
			runOnlyForDeploymentPostprocessing = 0;
		};
/* End PBXSourcesBuildPhase section */

/* Begin PBXTargetDependency section */
		81AE8B80214A5E58009F8524 /* PBXTargetDependency */ = {
			isa = PBXTargetDependency;
			target = 81AE8B69214A5E56009F8524 /* MultimediaChat */;
			targetProxy = 81AE8B7F214A5E58009F8524 /* PBXContainerItemProxy */;
		};
		81AE8B8B214A5E58009F8524 /* PBXTargetDependency */ = {
			isa = PBXTargetDependency;
			target = 81AE8B69214A5E56009F8524 /* MultimediaChat */;
			targetProxy = 81AE8B8A214A5E58009F8524 /* PBXContainerItemProxy */;
		};
/* End PBXTargetDependency section */

/* Begin PBXVariantGroup section */
		81AE8B76214A5E58009F8524 /* LaunchScreen.storyboard */ = {
			isa = PBXVariantGroup;
			children = (
				81AE8B77214A5E58009F8524 /* Base */,
			);
			name = LaunchScreen.storyboard;
			sourceTree = "<group>";
		};
/* End PBXVariantGroup section */

/* Begin XCBuildConfiguration section */
		81AE8B90214A5E58009F8524 /* Debug */ = {
			isa = XCBuildConfiguration;
			buildSettings = {
				ALWAYS_SEARCH_USER_PATHS = NO;
				CLANG_ANALYZER_NONNULL = YES;
				CLANG_ANALYZER_NUMBER_OBJECT_CONVERSION = YES_AGGRESSIVE;
				CLANG_CXX_LANGUAGE_STANDARD = "gnu++14";
				CLANG_CXX_LIBRARY = "libc++";
				CLANG_ENABLE_MODULES = YES;
				CLANG_ENABLE_OBJC_ARC = YES;
				CLANG_ENABLE_OBJC_WEAK = YES;
				CLANG_WARN_BLOCK_CAPTURE_AUTORELEASING = YES;
				CLANG_WARN_BOOL_CONVERSION = YES;
				CLANG_WARN_COMMA = YES;
				CLANG_WARN_CONSTANT_CONVERSION = YES;
				CLANG_WARN_DEPRECATED_OBJC_IMPLEMENTATIONS = YES;
				CLANG_WARN_DIRECT_OBJC_ISA_USAGE = YES_ERROR;
				CLANG_WARN_DOCUMENTATION_COMMENTS = YES;
				CLANG_WARN_EMPTY_BODY = YES;
				CLANG_WARN_ENUM_CONVERSION = YES;
				CLANG_WARN_INFINITE_RECURSION = YES;
				CLANG_WARN_INT_CONVERSION = YES;
				CLANG_WARN_NON_LITERAL_NULL_CONVERSION = YES;
				CLANG_WARN_OBJC_IMPLICIT_RETAIN_SELF = YES;
				CLANG_WARN_OBJC_LITERAL_CONVERSION = YES;
				CLANG_WARN_OBJC_ROOT_CLASS = YES_ERROR;
				CLANG_WARN_RANGE_LOOP_ANALYSIS = YES;
				CLANG_WARN_STRICT_PROTOTYPES = YES;
				CLANG_WARN_SUSPICIOUS_MOVE = YES;
				CLANG_WARN_UNGUARDED_AVAILABILITY = YES_AGGRESSIVE;
				CLANG_WARN_UNREACHABLE_CODE = YES;
				CLANG_WARN__DUPLICATE_METHOD_MATCH = YES;
				CODE_SIGN_IDENTITY = "iPhone Developer";
				COPY_PHASE_STRIP = NO;
				DEBUG_INFORMATION_FORMAT = dwarf;
				ENABLE_STRICT_OBJC_MSGSEND = YES;
				ENABLE_TESTABILITY = YES;
				GCC_C_LANGUAGE_STANDARD = gnu11;
				GCC_DYNAMIC_NO_PIC = NO;
				GCC_NO_COMMON_BLOCKS = YES;
				GCC_OPTIMIZATION_LEVEL = 0;
				GCC_PREPROCESSOR_DEFINITIONS = (
					"DEBUG=1",
					"$(inherited)",
				);
				GCC_WARN_64_TO_32_BIT_CONVERSION = YES;
				GCC_WARN_ABOUT_RETURN_TYPE = YES_ERROR;
				GCC_WARN_UNDECLARED_SELECTOR = YES;
				GCC_WARN_UNINITIALIZED_AUTOS = YES_AGGRESSIVE;
				GCC_WARN_UNUSED_FUNCTION = YES;
				GCC_WARN_UNUSED_VARIABLE = YES;
				IPHONEOS_DEPLOYMENT_TARGET = 11.4;
				MTL_ENABLE_DEBUG_INFO = YES;
				ONLY_ACTIVE_ARCH = YES;
				SDKROOT = iphoneos;
				SWIFT_ACTIVE_COMPILATION_CONDITIONS = DEBUG;
				SWIFT_OPTIMIZATION_LEVEL = "-Onone";
			};
			name = Debug;
		};
		81AE8B91214A5E58009F8524 /* Release */ = {
			isa = XCBuildConfiguration;
			buildSettings = {
				ALWAYS_SEARCH_USER_PATHS = NO;
				CLANG_ANALYZER_NONNULL = YES;
				CLANG_ANALYZER_NUMBER_OBJECT_CONVERSION = YES_AGGRESSIVE;
				CLANG_CXX_LANGUAGE_STANDARD = "gnu++14";
				CLANG_CXX_LIBRARY = "libc++";
				CLANG_ENABLE_MODULES = YES;
				CLANG_ENABLE_OBJC_ARC = YES;
				CLANG_ENABLE_OBJC_WEAK = YES;
				CLANG_WARN_BLOCK_CAPTURE_AUTORELEASING = YES;
				CLANG_WARN_BOOL_CONVERSION = YES;
				CLANG_WARN_COMMA = YES;
				CLANG_WARN_CONSTANT_CONVERSION = YES;
				CLANG_WARN_DEPRECATED_OBJC_IMPLEMENTATIONS = YES;
				CLANG_WARN_DIRECT_OBJC_ISA_USAGE = YES_ERROR;
				CLANG_WARN_DOCUMENTATION_COMMENTS = YES;
				CLANG_WARN_EMPTY_BODY = YES;
				CLANG_WARN_ENUM_CONVERSION = YES;
				CLANG_WARN_INFINITE_RECURSION = YES;
				CLANG_WARN_INT_CONVERSION = YES;
				CLANG_WARN_NON_LITERAL_NULL_CONVERSION = YES;
				CLANG_WARN_OBJC_IMPLICIT_RETAIN_SELF = YES;
				CLANG_WARN_OBJC_LITERAL_CONVERSION = YES;
				CLANG_WARN_OBJC_ROOT_CLASS = YES_ERROR;
				CLANG_WARN_RANGE_LOOP_ANALYSIS = YES;
				CLANG_WARN_STRICT_PROTOTYPES = YES;
				CLANG_WARN_SUSPICIOUS_MOVE = YES;
				CLANG_WARN_UNGUARDED_AVAILABILITY = YES_AGGRESSIVE;
				CLANG_WARN_UNREACHABLE_CODE = YES;
				CLANG_WARN__DUPLICATE_METHOD_MATCH = YES;
				CODE_SIGN_IDENTITY = "iPhone Developer";
				COPY_PHASE_STRIP = NO;
				DEBUG_INFORMATION_FORMAT = "dwarf-with-dsym";
				ENABLE_NS_ASSERTIONS = NO;
				ENABLE_STRICT_OBJC_MSGSEND = YES;
				GCC_C_LANGUAGE_STANDARD = gnu11;
				GCC_NO_COMMON_BLOCKS = YES;
				GCC_WARN_64_TO_32_BIT_CONVERSION = YES;
				GCC_WARN_ABOUT_RETURN_TYPE = YES_ERROR;
				GCC_WARN_UNDECLARED_SELECTOR = YES;
				GCC_WARN_UNINITIALIZED_AUTOS = YES_AGGRESSIVE;
				GCC_WARN_UNUSED_FUNCTION = YES;
				GCC_WARN_UNUSED_VARIABLE = YES;
				IPHONEOS_DEPLOYMENT_TARGET = 11.4;
				MTL_ENABLE_DEBUG_INFO = NO;
				SDKROOT = iphoneos;
				SWIFT_COMPILATION_MODE = wholemodule;
				SWIFT_OPTIMIZATION_LEVEL = "-O";
				VALIDATE_PRODUCT = YES;
			};
			name = Release;
		};
		81AE8B93214A5E58009F8524 /* Debug */ = {
			isa = XCBuildConfiguration;
			baseConfigurationReference = F90B72CB4731C9516C463215 /* Pods-MultimediaChat.debug.xcconfig */;
			buildSettings = {
				ASSETCATALOG_COMPILER_APPICON_NAME = AppIcon;
				CODE_SIGN_STYLE = Automatic;
				DEVELOPMENT_TEAM = 5BN3LV73Q8;
				INFOPLIST_FILE = "$(SRCROOT)/MultimediaChat/Info.plist";
				LD_RUNPATH_SEARCH_PATHS = (
					"$(inherited)",
					"@executable_path/Frameworks",
				);
				PRODUCT_BUNDLE_IDENTIFIER = dtu.CollectionView;
				PRODUCT_NAME = "$(TARGET_NAME)";
				SWIFT_VERSION = 4.0;
				TARGETED_DEVICE_FAMILY = "1,2";
			};
			name = Debug;
		};
		81AE8B94214A5E58009F8524 /* Release */ = {
			isa = XCBuildConfiguration;
			baseConfigurationReference = C32189C5A3D4678F6B4D23DF /* Pods-MultimediaChat.release.xcconfig */;
			buildSettings = {
				ASSETCATALOG_COMPILER_APPICON_NAME = AppIcon;
				CODE_SIGN_STYLE = Automatic;
				DEVELOPMENT_TEAM = 5BN3LV73Q8;
				INFOPLIST_FILE = "$(SRCROOT)/MultimediaChat/Info.plist";
				LD_RUNPATH_SEARCH_PATHS = (
					"$(inherited)",
					"@executable_path/Frameworks",
				);
				PRODUCT_BUNDLE_IDENTIFIER = dtu.CollectionView;
				PRODUCT_NAME = "$(TARGET_NAME)";
				SWIFT_VERSION = 4.0;
				TARGETED_DEVICE_FAMILY = "1,2";
			};
			name = Release;
		};
		81AE8B96214A5E58009F8524 /* Debug */ = {
			isa = XCBuildConfiguration;
			buildSettings = {
				ALWAYS_EMBED_SWIFT_STANDARD_LIBRARIES = YES;
				BUNDLE_LOADER = "$(TEST_HOST)";
				CODE_SIGN_STYLE = Automatic;
				DEVELOPMENT_TEAM = 5BN3LV73Q8;
				INFOPLIST_FILE = CollectionViewTests/Info.plist;
				LD_RUNPATH_SEARCH_PATHS = (
					"$(inherited)",
					"@executable_path/Frameworks",
					"@loader_path/Frameworks",
				);
				PRODUCT_BUNDLE_IDENTIFIER = dtu.CollectionViewTests;
				PRODUCT_NAME = "$(TARGET_NAME)";
				SWIFT_VERSION = 4.0;
				TARGETED_DEVICE_FAMILY = "1,2";
				TEST_HOST = "$(BUILT_PRODUCTS_DIR)/MultimediaChat.app/MultimediaChat";
			};
			name = Debug;
		};
		81AE8B97214A5E58009F8524 /* Release */ = {
			isa = XCBuildConfiguration;
			buildSettings = {
				ALWAYS_EMBED_SWIFT_STANDARD_LIBRARIES = YES;
				BUNDLE_LOADER = "$(TEST_HOST)";
				CODE_SIGN_STYLE = Automatic;
				DEVELOPMENT_TEAM = 5BN3LV73Q8;
				INFOPLIST_FILE = CollectionViewTests/Info.plist;
				LD_RUNPATH_SEARCH_PATHS = (
					"$(inherited)",
					"@executable_path/Frameworks",
					"@loader_path/Frameworks",
				);
				PRODUCT_BUNDLE_IDENTIFIER = dtu.CollectionViewTests;
				PRODUCT_NAME = "$(TARGET_NAME)";
				SWIFT_VERSION = 4.0;
				TARGETED_DEVICE_FAMILY = "1,2";
				TEST_HOST = "$(BUILT_PRODUCTS_DIR)/MultimediaChat.app/MultimediaChat";
			};
			name = Release;
		};
		81AE8B99214A5E58009F8524 /* Debug */ = {
			isa = XCBuildConfiguration;
			buildSettings = {
				ALWAYS_EMBED_SWIFT_STANDARD_LIBRARIES = YES;
				CODE_SIGN_STYLE = Automatic;
				DEVELOPMENT_TEAM = 5BN3LV73Q8;
				INFOPLIST_FILE = CollectionViewUITests/Info.plist;
				LD_RUNPATH_SEARCH_PATHS = (
					"$(inherited)",
					"@executable_path/Frameworks",
					"@loader_path/Frameworks",
				);
				PRODUCT_BUNDLE_IDENTIFIER = dtu.CollectionViewUITests;
				PRODUCT_NAME = "$(TARGET_NAME)";
				SWIFT_VERSION = 4.0;
				TARGETED_DEVICE_FAMILY = "1,2";
				TEST_TARGET_NAME = CollectionView;
			};
			name = Debug;
		};
		81AE8B9A214A5E58009F8524 /* Release */ = {
			isa = XCBuildConfiguration;
			buildSettings = {
				ALWAYS_EMBED_SWIFT_STANDARD_LIBRARIES = YES;
				CODE_SIGN_STYLE = Automatic;
				DEVELOPMENT_TEAM = 5BN3LV73Q8;
				INFOPLIST_FILE = CollectionViewUITests/Info.plist;
				LD_RUNPATH_SEARCH_PATHS = (
					"$(inherited)",
					"@executable_path/Frameworks",
					"@loader_path/Frameworks",
				);
				PRODUCT_BUNDLE_IDENTIFIER = dtu.CollectionViewUITests;
				PRODUCT_NAME = "$(TARGET_NAME)";
				SWIFT_VERSION = 4.0;
				TARGETED_DEVICE_FAMILY = "1,2";
				TEST_TARGET_NAME = CollectionView;
			};
			name = Release;
		};
/* End XCBuildConfiguration section */

/* Begin XCConfigurationList section */
		81AE8B65214A5E56009F8524 /* Build configuration list for PBXProject "MultimediaChat" */ = {
			isa = XCConfigurationList;
			buildConfigurations = (
				81AE8B90214A5E58009F8524 /* Debug */,
				81AE8B91214A5E58009F8524 /* Release */,
			);
			defaultConfigurationIsVisible = 0;
			defaultConfigurationName = Release;
		};
		81AE8B92214A5E58009F8524 /* Build configuration list for PBXNativeTarget "MultimediaChat" */ = {
			isa = XCConfigurationList;
			buildConfigurations = (
				81AE8B93214A5E58009F8524 /* Debug */,
				81AE8B94214A5E58009F8524 /* Release */,
			);
			defaultConfigurationIsVisible = 0;
			defaultConfigurationName = Release;
		};
		81AE8B95214A5E58009F8524 /* Build configuration list for PBXNativeTarget "MultimediaChatTests" */ = {
			isa = XCConfigurationList;
			buildConfigurations = (
				81AE8B96214A5E58009F8524 /* Debug */,
				81AE8B97214A5E58009F8524 /* Release */,
			);
			defaultConfigurationIsVisible = 0;
			defaultConfigurationName = Release;
		};
		81AE8B98214A5E58009F8524 /* Build configuration list for PBXNativeTarget "MultimediaChatUITests" */ = {
			isa = XCConfigurationList;
			buildConfigurations = (
				81AE8B99214A5E58009F8524 /* Debug */,
				81AE8B9A214A5E58009F8524 /* Release */,
			);
			defaultConfigurationIsVisible = 0;
			defaultConfigurationName = Release;
		};
/* End XCConfigurationList section */
	};
	rootObject = 81AE8B62214A5E56009F8524 /* Project object */;
}
